
Microsoft Visual Studio Solution File, Format Version 12.00
# Visual Studio Version 17
VisualStudioVersion = 17.5.33530.505
MinimumVisualStudioVersion = 10.0.40219.1
Project("{FAE04EC0-301F-11D3-BF4B-00C04F79EFBC}") = "Tailor_BE", "Tailor_BE.csproj", "{3CF6DB38-D704-4F85-B0F4-15FA95EF70E6}"
EndProject
Project("{FAE04EC0-301F-11D3-BF4B-00C04F79EFBC}") = "Tailor_Domain", "..\Tailor_Domain\Tailor_Domain.csproj", "{5B060FBB-0C32-469D-9614-5DAB633B64FF}"
EndProject
Project("{FAE04EC0-301F-11D3-BF4B-00C04F79EFBC}") = "Tailor_Infrastructure", "..\Tailor_Infrastructure\Tailor_Infrastructure.csproj", "{72F65167-A959-4A3A-ABD2-88CCBA9F9EBD}"
EndProject
Project("{FAE04EC0-301F-11D3-BF4B-00C04F79EFBC}") = "Tailor_Business", "..\Tailor_Business\Tailor_Business.csproj", "{D9D63FBF-360B-4F6A-BD45-2644AFB1F1A1}"
EndProject
Global
	GlobalSection(SolutionConfigurationPlatforms) = preSolution
		Debug|Any CPU = Debug|Any CPU
		Release|Any CPU = Release|Any CPU
	EndGlobalSection
	GlobalSection(ProjectConfigurationPlatforms) = postSolution
		{3CF6DB38-D704-4F85-B0F4-15FA95EF70E6}.Debug|Any CPU.ActiveCfg = Debug|Any CPU
		{3CF6DB38-D704-4F85-B0F4-15FA95EF70E6}.Debug|Any CPU.Build.0 = Debug|Any CPU
		{3CF6DB38-D704-4F85-B0F4-15FA95EF70E6}.Release|Any CPU.ActiveCfg = Release|Any CPU
		{3CF6DB38-D704-4F85-B0F4-15FA95EF70E6}.Release|Any CPU.Build.0 = Release|Any CPU
		{5B060FBB-0C32-469D-9614-5DAB633B64FF}.Debug|Any CPU.ActiveCfg = Debug|Any CPU
		{5B060FBB-0C32-469D-9614-5DAB633B64FF}.Debug|Any CPU.Build.0 = Debug|Any CPU
		{5B060FBB-0C32-469D-9614-5DAB633B64FF}.Release|Any CPU.ActiveCfg = Release|Any CPU
		{5B060FBB-0C32-469D-9614-5DAB633B64FF}.Release|Any CPU.Build.0 = Release|Any CPU
		{72F65167-A959-4A3A-ABD2-88CCBA9F9EBD}.Debug|Any CPU.ActiveCfg = Debug|Any CPU
		{72F65167-A959-4A3A-ABD2-88CCBA9F9EBD}.Debug|Any CPU.Build.0 = Debug|Any CPU
		{72F65167-A959-4A3A-ABD2-88CCBA9F9EBD}.Release|Any CPU.ActiveCfg = Release|Any CPU
		{72F65167-A959-4A3A-ABD2-88CCBA9F9EBD}.Release|Any CPU.Build.0 = Release|Any CPU
		{D9D63FBF-360B-4F6A-BD45-2644AFB1F1A1}.Debug|Any CPU.ActiveCfg = Debug|Any CPU
		{D9D63FBF-360B-4F6A-BD45-2644AFB1F1A1}.Debug|Any CPU.Build.0 = Debug|Any CPU
		{D9D63FBF-360B-4F6A-BD45-2644AFB1F1A1}.Release|Any CPU.ActiveCfg = Release|Any CPU
		{D9D63FBF-360B-4F6A-BD45-2644AFB1F1A1}.Release|Any CPU.Build.0 = Release|Any CPU
	EndGlobalSection
	GlobalSection(SolutionProperties) = preSolution
		HideSolutionNode = FALSE
	EndGlobalSection
	GlobalSection(ExtensibilityGlobals) = postSolution
		SolutionGuid = {CF9DFEC9-9B4D-4371-914E-94B57D9F10DC}
	EndGlobalSection
EndGlobal
